
Microsoft Visual Studio Solution File, Format Version 12.00
# Visual Studio Version 17
VisualStudioVersion = 17.3.32804.467
MinimumVisualStudioVersion = 10.0.40219.1
Project("{9A19103F-16F7-4668-BE54-9A1E7A4F7556}") = "electFleming", "electFleming\electFleming.csproj", "{EC011241-82FE-43FD-BFB9-1B34020ACD74}"
EndProject
Project("{9A19103F-16F7-4668-BE54-9A1E7A4F7556}") = "electFleming.Models", "electFleming.Models\electFleming.Models.csproj", "{1A0F0ADC-69BD-464F-8229-F471AAD4CFEC}"
EndProject
Project("{9A19103F-16F7-4668-BE54-9A1E7A4F7556}") = "electFleming.Core", "electFleming.Core\electFleming.Core.csproj", "{083F7FE1-E15C-46F1-B903-740ED7C62743}"
EndProject
Global
	GlobalSection(SolutionConfigurationPlatforms) = preSolution
		Debug|Any CPU = Debug|Any CPU
		Release|Any CPU = Release|Any CPU
	EndGlobalSection
	GlobalSection(ProjectConfigurationPlatforms) = postSolution
		{EC011241-82FE-43FD-BFB9-1B34020ACD74}.Debug|Any CPU.ActiveCfg = Debug|Any CPU
		{EC011241-82FE-43FD-BFB9-1B34020ACD74}.Debug|Any CPU.Build.0 = Debug|Any CPU
		{EC011241-82FE-43FD-BFB9-1B34020ACD74}.Release|Any CPU.ActiveCfg = Release|Any CPU
		{EC011241-82FE-43FD-BFB9-1B34020ACD74}.Release|Any CPU.Build.0 = Release|Any CPU
		{1A0F0ADC-69BD-464F-8229-F471AAD4CFEC}.Debug|Any CPU.ActiveCfg = Debug|Any CPU
		{1A0F0ADC-69BD-464F-8229-F471AAD4CFEC}.Debug|Any CPU.Build.0 = Debug|Any CPU
		{1A0F0ADC-69BD-464F-8229-F471AAD4CFEC}.Release|Any CPU.ActiveCfg = Release|Any CPU
		{1A0F0ADC-69BD-464F-8229-F471AAD4CFEC}.Release|Any CPU.Build.0 = Release|Any CPU
		{083F7FE1-E15C-46F1-B903-740ED7C62743}.Debug|Any CPU.ActiveCfg = Debug|Any CPU
		{083F7FE1-E15C-46F1-B903-740ED7C62743}.Debug|Any CPU.Build.0 = Debug|Any CPU
		{083F7FE1-E15C-46F1-B903-740ED7C62743}.Release|Any CPU.ActiveCfg = Release|Any CPU
		{083F7FE1-E15C-46F1-B903-740ED7C62743}.Release|Any CPU.Build.0 = Release|Any CPU
	EndGlobalSection
	GlobalSection(SolutionProperties) = preSolution
		HideSolutionNode = FALSE
	EndGlobalSection
	GlobalSection(ExtensibilityGlobals) = postSolution
		SolutionGuid = {7AEDC698-DFDE-4D73-8757-9150AF9A5783}
	EndGlobalSection
EndGlobal
